
Microsoft Visual Studio Solution File, Format Version 12.00
# Visual Studio Version 17
VisualStudioVersion = 17.11.35208.52
MinimumVisualStudioVersion = 10.0.40219.1
Project("{FAE04EC0-301F-11D3-BF4B-00C04F79EFBC}") = "Justice For Ladder Bug", "Justice For Ladder Bug\Justice For Ladder Bug.csproj", "{10766758-B5B3-4034-8141-8A255E96C5CE}"
EndProject
Global
	GlobalSection(SolutionConfigurationPlatforms) = preSolution
		Debug|Any CPU = Debug|Any CPU
		Release|Any CPU = Release|Any CPU
	EndGlobalSection
	GlobalSection(ProjectConfigurationPlatforms) = postSolution
		{10766758-B5B3-4034-8141-8A255E96C5CE}.Debug|Any CPU.ActiveCfg = Debug|Any CPU
		{10766758-B5B3-4034-8141-8A255E96C5CE}.Debug|Any CPU.Build.0 = Debug|Any CPU
		{10766758-B5B3-4034-8141-8A255E96C5CE}.Release|Any CPU.ActiveCfg = Release|Any CPU
		{10766758-B5B3-4034-8141-8A255E96C5CE}.Release|Any CPU.Build.0 = Release|Any CPU
	EndGlobalSection
	GlobalSection(SolutionProperties) = preSolution
		HideSolutionNode = FALSE
	EndGlobalSection
	GlobalSection(ExtensibilityGlobals) = postSolution
		SolutionGuid = {1B5227D9-EB8F-4CF0-BBBD-99712189AB02}
	EndGlobalSection
EndGlobal
